
Microsoft Visual Studio Solution File, Format Version 12.00
# Visual Studio Version 17
VisualStudioVersion = 17.3.32922.545
MinimumVisualStudioVersion = 10.0.40219.1
Project("{8BC9CEB8-8B4A-11D0-8D11-00A0C91BC942}") = "evNet", "..\DllProj\evNet\evNet.vcxproj", "{10158F7F-C7EA-4614-916A-6FAA9E97575B}"
EndProject
Project("{8BC9CEB8-8B4A-11D0-8D11-00A0C91BC942}") = "transitDriver", "..\ExeDriver\evDriver\transitDriver.vcxproj", "{940BCE21-E7B1-45E5-AB87-32748465609E}"
EndProject
Global
	GlobalSection(SolutionConfigurationPlatforms) = preSolution
		Debug|ARM = Debug|ARM
		Debug|Mixed Platforms = Debug|Mixed Platforms
		Debug|Win32 = Debug|Win32
		Debug|x64 = Debug|x64
		Release|ARM = Release|ARM
		Release|Mixed Platforms = Release|Mixed Platforms
		Release|Win32 = Release|Win32
		Release|x64 = Release|x64
	EndGlobalSection
	GlobalSection(ProjectConfigurationPlatforms) = postSolution
		{10158F7F-C7EA-4614-916A-6FAA9E97575B}.Debug|ARM.ActiveCfg = Debug|x64
		{10158F7F-C7EA-4614-916A-6FAA9E97575B}.Debug|ARM.Build.0 = Debug|x64
		{10158F7F-C7EA-4614-916A-6FAA9E97575B}.Debug|Mixed Platforms.ActiveCfg = Debug|x64
		{10158F7F-C7EA-4614-916A-6FAA9E97575B}.Debug|Mixed Platforms.Build.0 = Debug|x64
		{10158F7F-C7EA-4614-916A-6FAA9E97575B}.Debug|Win32.ActiveCfg = Debug|Win32
		{10158F7F-C7EA-4614-916A-6FAA9E97575B}.Debug|Win32.Build.0 = Debug|Win32
		{10158F7F-C7EA-4614-916A-6FAA9E97575B}.Debug|x64.ActiveCfg = Debug|x64
		{10158F7F-C7EA-4614-916A-6FAA9E97575B}.Debug|x64.Build.0 = Debug|x64
		{10158F7F-C7EA-4614-916A-6FAA9E97575B}.Release|ARM.ActiveCfg = Release|x64
		{10158F7F-C7EA-4614-916A-6FAA9E97575B}.Release|ARM.Build.0 = Release|x64
		{10158F7F-C7EA-4614-916A-6FAA9E97575B}.Release|Mixed Platforms.ActiveCfg = Release|x64
		{10158F7F-C7EA-4614-916A-6FAA9E97575B}.Release|Mixed Platforms.Build.0 = Release|x64
		{10158F7F-C7EA-4614-916A-6FAA9E97575B}.Release|Win32.ActiveCfg = Release|Win32
		{10158F7F-C7EA-4614-916A-6FAA9E97575B}.Release|Win32.Build.0 = Release|Win32
		{10158F7F-C7EA-4614-916A-6FAA9E97575B}.Release|x64.ActiveCfg = Release|x64
		{10158F7F-C7EA-4614-916A-6FAA9E97575B}.Release|x64.Build.0 = Release|x64
		{940BCE21-E7B1-45E5-AB87-32748465609E}.Debug|ARM.ActiveCfg = Debug|x64
		{940BCE21-E7B1-45E5-AB87-32748465609E}.Debug|ARM.Build.0 = Debug|x64
		{940BCE21-E7B1-45E5-AB87-32748465609E}.Debug|Mixed Platforms.ActiveCfg = Debug|x64
		{940BCE21-E7B1-45E5-AB87-32748465609E}.Debug|Mixed Platforms.Build.0 = Debug|x64
		{940BCE21-E7B1-45E5-AB87-32748465609E}.Debug|Win32.ActiveCfg = Debug|Win32
		{940BCE21-E7B1-45E5-AB87-32748465609E}.Debug|Win32.Build.0 = Debug|Win32
		{940BCE21-E7B1-45E5-AB87-32748465609E}.Debug|x64.ActiveCfg = Debug|x64
		{940BCE21-E7B1-45E5-AB87-32748465609E}.Debug|x64.Build.0 = Debug|x64
		{940BCE21-E7B1-45E5-AB87-32748465609E}.Release|ARM.ActiveCfg = Release|x64
		{940BCE21-E7B1-45E5-AB87-32748465609E}.Release|ARM.Build.0 = Release|x64
		{940BCE21-E7B1-45E5-AB87-32748465609E}.Release|Mixed Platforms.ActiveCfg = Release|x64
		{940BCE21-E7B1-45E5-AB87-32748465609E}.Release|Mixed Platforms.Build.0 = Release|x64
		{940BCE21-E7B1-45E5-AB87-32748465609E}.Release|Win32.ActiveCfg = Release|Win32
		{940BCE21-E7B1-45E5-AB87-32748465609E}.Release|Win32.Build.0 = Release|Win32
		{940BCE21-E7B1-45E5-AB87-32748465609E}.Release|x64.ActiveCfg = Release|x64
		{940BCE21-E7B1-45E5-AB87-32748465609E}.Release|x64.Build.0 = Release|x64
	EndGlobalSection
	GlobalSection(SolutionProperties) = preSolution
		HideSolutionNode = FALSE
	EndGlobalSection
	GlobalSection(ExtensibilityGlobals) = postSolution
		SolutionGuid = {2F25D065-0B04-4083-8388-D9DB5240F32A}
	EndGlobalSection
EndGlobal
